// !$*UTF8*$!
{
	archiveVersion = 1;
	classes = {
	};
	objectVersion = 50;
	objects = {

/* Begin PBXBuildFile section */
		07A92B2624D2D0F9002AB1A1 /* SettingsViewController.swift in Sources */ = {isa = PBXBuildFile; fileRef = 07A92B2524D2D0F9002AB1A1 /* SettingsViewController.swift */; };
		07FF524424D24CCE0065502F /* AppDelegate.swift in Sources */ = {isa = PBXBuildFile; fileRef = 07FF524324D24CCE0065502F /* AppDelegate.swift */; };
		07FF524624D24CCE0065502F /* SceneDelegate.swift in Sources */ = {isa = PBXBuildFile; fileRef = 07FF524524D24CCE0065502F /* SceneDelegate.swift */; };
		07FF524824D24CCE0065502F /* ViewController.swift in Sources */ = {isa = PBXBuildFile; fileRef = 07FF524724D24CCE0065502F /* ViewController.swift */; };
		07FF524B24D24CCE0065502F /* Main.storyboard in Resources */ = {isa = PBXBuildFile; fileRef = 07FF524924D24CCE0065502F /* Main.storyboard */; };
		07FF524D24D24CD40065502F /* Assets.xcassets in Resources */ = {isa = PBXBuildFile; fileRef = 07FF524C24D24CD40065502F /* Assets.xcassets */; };
		07FF525024D24CD40065502F /* LaunchScreen.storyboard in Resources */ = {isa = PBXBuildFile; fileRef = 07FF524E24D24CD40065502F /* LaunchScreen.storyboard */; };
		07FF525B24D24CD50065502F /* tip2Tests.swift in Sources */ = {isa = PBXBuildFile; fileRef = 07FF525A24D24CD50065502F /* tip2Tests.swift */; };
		07FF526624D24CD50065502F /* tip2UITests.swift in Sources */ = {isa = PBXBuildFile; fileRef = 07FF526524D24CD50065502F /* tip2UITests.swift */; };
/* End PBXBuildFile section */

/* Begin PBXContainerItemProxy section */
		07FF525724D24CD50065502F /* PBXContainerItemProxy */ = {
			isa = PBXContainerItemProxy;
			containerPortal = 07FF523824D24CCE0065502F /* Project object */;
			proxyType = 1;
			remoteGlobalIDString = 07FF523F24D24CCE0065502F;
			remoteInfo = tip2;
		};
		07FF526224D24CD50065502F /* PBXContainerItemProxy */ = {
			isa = PBXContainerItemProxy;
			containerPortal = 07FF523824D24CCE0065502F /* Project object */;
			proxyType = 1;
			remoteGlobalIDString = 07FF523F24D24CCE0065502F;
			remoteInfo = tip2;
		};
/* End PBXContainerItemProxy section */

/* Begin PBXFileReference section */
		07A92B2524D2D0F9002AB1A1 /* SettingsViewController.swift */ = {isa = PBXFileReference; lastKnownFileType = sourcecode.swift; path = SettingsViewController.swift; sourceTree = "<group>"; };
		07FF524024D24CCE0065502F /* Tiply.app */ = {isa = PBXFileReference; explicitFileType = wrapper.application; includeInIndex = 0; path = Tiply.app; sourceTree = BUILT_PRODUCTS_DIR; };
		07FF524324D24CCE0065502F /* AppDelegate.swift */ = {isa = PBXFileReference; lastKnownFileType = sourcecode.swift; path = AppDelegate.swift; sourceTree = "<group>"; };
		07FF524524D24CCE0065502F /* SceneDelegate.swift */ = {isa = PBXFileReference; lastKnownFileType = sourcecode.swift; path = SceneDelegate.swift; sourceTree = "<group>"; };
		07FF524724D24CCE0065502F /* ViewController.swift */ = {isa = PBXFileReference; lastKnownFileType = sourcecode.swift; path = ViewController.swift; sourceTree = "<group>"; };
		07FF524A24D24CCE0065502F /* Base */ = {isa = PBXFileReference; lastKnownFileType = file.storyboard; name = Base; path = Base.lproj/Main.storyboard; sourceTree = "<group>"; };
		07FF524C24D24CD40065502F /* Assets.xcassets */ = {isa = PBXFileReference; lastKnownFileType = folder.assetcatalog; path = Assets.xcassets; sourceTree = "<group>"; };
		07FF524F24D24CD40065502F /* Base */ = {isa = PBXFileReference; lastKnownFileType = file.storyboard; name = Base; path = Base.lproj/LaunchScreen.storyboard; sourceTree = "<group>"; };
		07FF525124D24CD40065502F /* Info.plist */ = {isa = PBXFileReference; lastKnownFileType = text.plist.xml; path = Info.plist; sourceTree = "<group>"; };
		07FF525624D24CD50065502F /* TiplyTests.xctest */ = {isa = PBXFileReference; explicitFileType = wrapper.cfbundle; includeInIndex = 0; path = TiplyTests.xctest; sourceTree = BUILT_PRODUCTS_DIR; };
		07FF525A24D24CD50065502F /* tip2Tests.swift */ = {isa = PBXFileReference; lastKnownFileType = sourcecode.swift; path = tip2Tests.swift; sourceTree = "<group>"; };
		07FF525C24D24CD50065502F /* Info.plist */ = {isa = PBXFileReference; lastKnownFileType = text.plist.xml; path = Info.plist; sourceTree = "<group>"; };
		07FF526124D24CD50065502F /* TiplyUITests.xctest */ = {isa = PBXFileReference; explicitFileType = wrapper.cfbundle; includeInIndex = 0; path = TiplyUITests.xctest; sourceTree = BUILT_PRODUCTS_DIR; };
		07FF526524D24CD50065502F /* tip2UITests.swift */ = {isa = PBXFileReference; lastKnownFileType = sourcecode.swift; path = tip2UITests.swift; sourceTree = "<group>"; };
		07FF526724D24CD50065502F /* Info.plist */ = {isa = PBXFileReference; lastKnownFileType = text.plist.xml; path = Info.plist; sourceTree = "<group>"; };
/* End PBXFileReference section */

/* Begin PBXFrameworksBuildPhase section */
		07FF523D24D24CCE0065502F /* Frameworks */ = {
			isa = PBXFrameworksBuildPhase;
			buildActionMask = 2147483647;
			files = (
			);
			runOnlyForDeploymentPostprocessing = 0;
		};
		07FF525324D24CD50065502F /* Frameworks */ = {
			isa = PBXFrameworksBuildPhase;
			buildActionMask = 2147483647;
			files = (
			);
			runOnlyForDeploymentPostprocessing = 0;
		};
		07FF525E24D24CD50065502F /* Frameworks */ = {
			isa = PBXFrameworksBuildPhase;
			buildActionMask = 2147483647;
			files = (
			);
			runOnlyForDeploymentPostprocessing = 0;
		};
/* End PBXFrameworksBuildPhase section */

/* Begin PBXGroup section */
		07FF523724D24CCE0065502F = {
			isa = PBXGroup;
			children = (
				07FF524224D24CCE0065502F /* tip2 */,
				07FF525924D24CD50065502F /* tip2Tests */,
				07FF526424D24CD50065502F /* tip2UITests */,
				07FF524124D24CCE0065502F /* Products */,
			);
			sourceTree = "<group>";
		};
		07FF524124D24CCE0065502F /* Products */ = {
			isa = PBXGroup;
			children = (
				07FF524024D24CCE0065502F /* Tiply.app */,
				07FF525624D24CD50065502F /* TiplyTests.xctest */,
				07FF526124D24CD50065502F /* TiplyUITests.xctest */,
			);
			name = Products;
			sourceTree = "<group>";
		};
		07FF524224D24CCE0065502F /* tip2 */ = {
			isa = PBXGroup;
			children = (
				07FF524324D24CCE0065502F /* AppDelegate.swift */,
				07FF524524D24CCE0065502F /* SceneDelegate.swift */,
				07FF524724D24CCE0065502F /* ViewController.swift */,
				07FF524924D24CCE0065502F /* Main.storyboard */,
				07A92B2524D2D0F9002AB1A1 /* SettingsViewController.swift */,
				07FF524C24D24CD40065502F /* Assets.xcassets */,
				07FF524E24D24CD40065502F /* LaunchScreen.storyboard */,
				07FF525124D24CD40065502F /* Info.plist */,
			);
			path = tip2;
			sourceTree = "<group>";
		};
		07FF525924D24CD50065502F /* tip2Tests */ = {
			isa = PBXGroup;
			children = (
				07FF525A24D24CD50065502F /* tip2Tests.swift */,
				07FF525C24D24CD50065502F /* Info.plist */,
			);
			path = tip2Tests;
			sourceTree = "<group>";
		};
		07FF526424D24CD50065502F /* tip2UITests */ = {
			isa = PBXGroup;
			children = (
				07FF526524D24CD50065502F /* tip2UITests.swift */,
				07FF526724D24CD50065502F /* Info.plist */,
			);
			path = tip2UITests;
			sourceTree = "<group>";
		};
/* End PBXGroup section */

/* Begin PBXNativeTarget section */
		07FF523F24D24CCE0065502F /* Tiply */ = {
			isa = PBXNativeTarget;
			buildConfigurationList = 07FF526A24D24CD50065502F /* Build configuration list for PBXNativeTarget "Tiply" */;
			buildPhases = (
				07FF523C24D24CCE0065502F /* Sources */,
				07FF523D24D24CCE0065502F /* Frameworks */,
				07FF523E24D24CCE0065502F /* Resources */,
			);
			buildRules = (
			);
			dependencies = (
			);
			name = Tiply;
			productName = tip2;
			productReference = 07FF524024D24CCE0065502F /* Tiply.app */;
			productType = "com.apple.product-type.application";
		};
		07FF525524D24CD50065502F /* TiplyTests */ = {
			isa = PBXNativeTarget;
			buildConfigurationList = 07FF526D24D24CD50065502F /* Build configuration list for PBXNativeTarget "TiplyTests" */;
			buildPhases = (
				07FF525224D24CD50065502F /* Sources */,
				07FF525324D24CD50065502F /* Frameworks */,
				07FF525424D24CD50065502F /* Resources */,
			);
			buildRules = (
			);
			dependencies = (
				07FF525824D24CD50065502F /* PBXTargetDependency */,
			);
			name = TiplyTests;
			productName = tip2Tests;
			productReference = 07FF525624D24CD50065502F /* TiplyTests.xctest */;
			productType = "com.apple.product-type.bundle.unit-test";
		};
		07FF526024D24CD50065502F /* TiplyUITests */ = {
			isa = PBXNativeTarget;
			buildConfigurationList = 07FF527024D24CD50065502F /* Build configuration list for PBXNativeTarget "TiplyUITests" */;
			buildPhases = (
				07FF525D24D24CD50065502F /* Sources */,
				07FF525E24D24CD50065502F /* Frameworks */,
				07FF525F24D24CD50065502F /* Resources */,
			);
			buildRules = (
			);
			dependencies = (
				07FF526324D24CD50065502F /* PBXTargetDependency */,
			);
			name = TiplyUITests;
			productName = tip2UITests;
			productReference = 07FF526124D24CD50065502F /* TiplyUITests.xctest */;
			productType = "com.apple.product-type.bundle.ui-testing";
		};
/* End PBXNativeTarget section */

/* Begin PBXProject section */
		07FF523824D24CCE0065502F /* Project object */ = {
			isa = PBXProject;
			attributes = {
				LastSwiftUpdateCheck = 1160;
				LastUpgradeCheck = 1160;
				ORGANIZATIONNAME = Codepath;
				TargetAttributes = {
					07FF523F24D24CCE0065502F = {
						CreatedOnToolsVersion = 11.6;
					};
					07FF525524D24CD50065502F = {
						CreatedOnToolsVersion = 11.6;
						TestTargetID = 07FF523F24D24CCE0065502F;
					};
					07FF526024D24CD50065502F = {
						CreatedOnToolsVersion = 11.6;
						TestTargetID = 07FF523F24D24CCE0065502F;
					};
				};
			};
			buildConfigurationList = 07FF523B24D24CCE0065502F /* Build configuration list for PBXProject "Tiply" */;
			compatibilityVersion = "Xcode 9.3";
			developmentRegion = en;
			hasScannedForEncodings = 0;
			knownRegions = (
				en,
				Base,
			);
			mainGroup = 07FF523724D24CCE0065502F;
			productRefGroup = 07FF524124D24CCE0065502F /* Products */;
			projectDirPath = "";
			projectRoot = "";
			targets = (
				07FF523F24D24CCE0065502F /* Tiply */,
				07FF525524D24CD50065502F /* TiplyTests */,
				07FF526024D24CD50065502F /* TiplyUITests */,
			);
		};
/* End PBXProject section */

/* Begin PBXResourcesBuildPhase section */
		07FF523E24D24CCE0065502F /* Resources */ = {
			isa = PBXResourcesBuildPhase;
			buildActionMask = 2147483647;
			files = (
				07FF525024D24CD40065502F /* LaunchScreen.storyboard in Resources */,
				07FF524D24D24CD40065502F /* Assets.xcassets in Resources */,
				07FF524B24D24CCE0065502F /* Main.storyboard in Resources */,
			);
			runOnlyForDeploymentPostprocessing = 0;
		};
		07FF525424D24CD50065502F /* Resources */ = {
			isa = PBXResourcesBuildPhase;
			buildActionMask = 2147483647;
			files = (
			);
			runOnlyForDeploymentPostprocessing = 0;
		};
		07FF525F24D24CD50065502F /* Resources */ = {
			isa = PBXResourcesBuildPhase;
			buildActionMask = 2147483647;
			files = (
			);
			runOnlyForDeploymentPostprocessing = 0;
		};
/* End PBXResourcesBuildPhase section */

/* Begin PBXSourcesBuildPhase section */
		07FF523C24D24CCE0065502F /* Sources */ = {
			isa = PBXSourcesBuildPhase;
			buildActionMask = 2147483647;
			files = (
				07FF524824D24CCE0065502F /* ViewController.swift in Sources */,
				07FF524424D24CCE0065502F /* AppDelegate.swift in Sources */,
				07FF524624D24CCE0065502F /* SceneDelegate.swift in Sources */,
				07A92B2624D2D0F9002AB1A1 /* SettingsViewController.swift in Sources */,
			);
			runOnlyForDeploymentPostprocessing = 0;
		};
		07FF525224D24CD50065502F /* Sources */ = {
			isa = PBXSourcesBuildPhase;
			buildActionMask = 2147483647;
			files = (
				07FF525B24D24CD50065502F /* tip2Tests.swift in Sources */,
			);
			runOnlyForDeploymentPostprocessing = 0;
		};
		07FF525D24D24CD50065502F /* Sources */ = {
			isa = PBXSourcesBuildPhase;
			buildActionMask = 2147483647;
			files = (
				07FF526624D24CD50065502F /* tip2UITests.swift in Sources */,
			);
			runOnlyForDeploymentPostprocessing = 0;
		};
/* End PBXSourcesBuildPhase section */

/* Begin PBXTargetDependency section */
		07FF525824D24CD50065502F /* PBXTargetDependency */ = {
			isa = PBXTargetDependency;
			target = 07FF523F24D24CCE0065502F /* Tiply */;
			targetProxy = 07FF525724D24CD50065502F /* PBXContainerItemProxy */;
		};
		07FF526324D24CD50065502F /* PBXTargetDependency */ = {
			isa = PBXTargetDependency;
			target = 07FF523F24D24CCE0065502F /* Tiply */;
			targetProxy = 07FF526224D24CD50065502F /* PBXContainerItemProxy */;
		};
/* End PBXTargetDependency section */

/* Begin PBXVariantGroup section */
		07FF524924D24CCE0065502F /* Main.storyboard */ = {
			isa = PBXVariantGroup;
			children = (
				07FF524A24D24CCE0065502F /* Base */,
			);
			name = Main.storyboard;
			sourceTree = "<group>";
		};
		07FF524E24D24CD40065502F /* LaunchScreen.storyboard */ = {
			isa = PBXVariantGroup;
			children = (
				07FF524F24D24CD40065502F /* Base */,
			);
			name = LaunchScreen.storyboard;
			sourceTree = "<group>";
		};
/* End PBXVariantGroup section */

/* Begin XCBuildConfiguration section */
		07FF526824D24CD50065502F /* Debug */ = {
			isa = XCBuildConfiguration;
			buildSettings = {
				ALWAYS_SEARCH_USER_PATHS = NO;
				CLANG_ANALYZER_NONNULL = YES;
				CLANG_ANALYZER_NUMBER_OBJECT_CONVERSION = YES_AGGRESSIVE;
				CLANG_CXX_LANGUAGE_STANDARD = "gnu++14";
				CLANG_CXX_LIBRARY = "libc++";
				CLANG_ENABLE_MODULES = YES;
				CLANG_ENABLE_OBJC_ARC = YES;
				CLANG_ENABLE_OBJC_WEAK = YES;
				CLANG_WARN_BLOCK_CAPTURE_AUTORELEASING = YES;
				CLANG_WARN_BOOL_CONVERSION = YES;
				CLANG_WARN_COMMA = YES;
				CLANG_WARN_CONSTANT_CONVERSION = YES;
				CLANG_WARN_DEPRECATED_OBJC_IMPLEMENTATIONS = YES;
				CLANG_WARN_DIRECT_OBJC_ISA_USAGE = YES_ERROR;
				CLANG_WARN_DOCUMENTATION_COMMENTS = YES;
				CLANG_WARN_EMPTY_BODY = YES;
				CLANG_WARN_ENUM_CONVERSION = YES;
				CLANG_WARN_INFINITE_RECURSION = YES;
				CLANG_WARN_INT_CONVERSION = YES;
				CLANG_WARN_NON_LITERAL_NULL_CONVERSION = YES;
				CLANG_WARN_OBJC_IMPLICIT_RETAIN_SELF = YES;
				CLANG_WARN_OBJC_LITERAL_CONVERSION = YES;
				CLANG_WARN_OBJC_ROOT_CLASS = YES_ERROR;
				CLANG_WARN_RANGE_LOOP_ANALYSIS = YES;
				CLANG_WARN_STRICT_PROTOTYPES = YES;
				CLANG_WARN_SUSPICIOUS_MOVE = YES;
				CLANG_WARN_UNGUARDED_AVAILABILITY = YES_AGGRESSIVE;
				CLANG_WARN_UNREACHABLE_CODE = YES;
				CLANG_WARN__DUPLICATE_METHOD_MATCH = YES;
				COPY_PHASE_STRIP = NO;
				DEBUG_INFORMATION_FORMAT = dwarf;
				ENABLE_STRICT_OBJC_MSGSEND = YES;
				ENABLE_TESTABILITY = YES;
				GCC_C_LANGUAGE_STANDARD = gnu11;
				GCC_DYNAMIC_NO_PIC = NO;
				GCC_NO_COMMON_BLOCKS = YES;
				GCC_OPTIMIZATION_LEVEL = 0;
				GCC_PREPROCESSOR_DEFINITIONS = (
					"DEBUG=1",
					"$(inherited)",
				);
				GCC_WARN_64_TO_32_BIT_CONVERSION = YES;
				GCC_WARN_ABOUT_RETURN_TYPE = YES_ERROR;
				GCC_WARN_UNDECLARED_SELECTOR = YES;
				GCC_WARN_UNINITIALIZED_AUTOS = YES_AGGRESSIVE;
				GCC_WARN_UNUSED_FUNCTION = YES;
				GCC_WARN_UNUSED_VARIABLE = YES;
				IPHONEOS_DEPLOYMENT_TARGET = 13.6;
				MTL_ENABLE_DEBUG_INFO = INCLUDE_SOURCE;
				MTL_FAST_MATH = YES;
				ONLY_ACTIVE_ARCH = YES;
				SDKROOT = iphoneos;
				SWIFT_ACTIVE_COMPILATION_CONDITIONS = DEBUG;
				SWIFT_OPTIMIZATION_LEVEL = "-Onone";
			};
			name = Debug;
		};
		07FF526924D24CD50065502F /* Release */ = {
			isa = XCBuildConfiguration;
			buildSettings = {
				ALWAYS_SEARCH_USER_PATHS = NO;
				CLANG_ANALYZER_NONNULL = YES;
				CLANG_ANALYZER_NUMBER_OBJECT_CONVERSION = YES_AGGRESSIVE;
				CLANG_CXX_LANGUAGE_STANDARD = "gnu++14";
				CLANG_CXX_LIBRARY = "libc++";
				CLANG_ENABLE_MODULES = YES;
				CLANG_ENABLE_OBJC_ARC = YES;
				CLANG_ENABLE_OBJC_WEAK = YES;
				CLANG_WARN_BLOCK_CAPTURE_AUTORELEASING = YES;
				CLANG_WARN_BOOL_CONVERSION = YES;
				CLANG_WARN_COMMA = YES;
				CLANG_WARN_CONSTANT_CONVERSION = YES;
				CLANG_WARN_DEPRECATED_OBJC_IMPLEMENTATIONS = YES;
				CLANG_WARN_DIRECT_OBJC_ISA_USAGE = YES_ERROR;
				CLANG_WARN_DOCUMENTATION_COMMENTS = YES;
				CLANG_WARN_EMPTY_BODY = YES;
				CLANG_WARN_ENUM_CONVERSION = YES;
				CLANG_WARN_INFINITE_RECURSION = YES;
				CLANG_WARN_INT_CONVERSION = YES;
				CLANG_WARN_NON_LITERAL_NULL_CONVERSION = YES;
				CLANG_WARN_OBJC_IMPLICIT_RETAIN_SELF = YES;
				CLANG_WARN_OBJC_LITERAL_CONVERSION = YES;
				CLANG_WARN_OBJC_ROOT_CLASS = YES_ERROR;
				CLANG_WARN_RANGE_LOOP_ANALYSIS = YES;
				CLANG_WARN_STRICT_PROTOTYPES = YES;
				CLANG_WARN_SUSPICIOUS_MOVE = YES;
				CLANG_WARN_UNGUARDED_AVAILABILITY = YES_AGGRESSIVE;
				CLANG_WARN_UNREACHABLE_CODE = YES;
				CLANG_WARN__DUPLICATE_METHOD_MATCH = YES;
				COPY_PHASE_STRIP = NO;
				DEBUG_INFORMATION_FORMAT = "dwarf-with-dsym";
				ENABLE_NS_ASSERTIONS = NO;
				ENABLE_STRICT_OBJC_MSGSEND = YES;
				GCC_C_LANGUAGE_STANDARD = gnu11;
				GCC_NO_COMMON_BLOCKS = YES;
				GCC_WARN_64_TO_32_BIT_CONVERSION = YES;
				GCC_WARN_ABOUT_RETURN_TYPE = YES_ERROR;
				GCC_WARN_UNDECLARED_SELECTOR = YES;
				GCC_WARN_UNINITIALIZED_AUTOS = YES_AGGRESSIVE;
				GCC_WARN_UNUSED_FUNCTION = YES;
				GCC_WARN_UNUSED_VARIABLE = YES;
				IPHONEOS_DEPLOYMENT_TARGET = 13.6;
				MTL_ENABLE_DEBUG_INFO = NO;
				MTL_FAST_MATH = YES;
				SDKROOT = iphoneos;
				SWIFT_COMPILATION_MODE = wholemodule;
				SWIFT_OPTIMIZATION_LEVEL = "-O";
				VALIDATE_PRODUCT = YES;
			};
			name = Release;
		};
		07FF526B24D24CD50065502F /* Debug */ = {
			isa = XCBuildConfiguration;
			buildSettings = {
				ASSETCATALOG_COMPILER_APPICON_NAME = AppIcon;
				CODE_SIGN_STYLE = Automatic;
				INFOPLIST_FILE = tip2/Info.plist;
				LD_RUNPATH_SEARCH_PATHS = (
					"$(inherited)",
					"@executable_path/Frameworks",
				);
				PRODUCT_BUNDLE_IDENTIFIER = Codepath.tip2;
				PRODUCT_NAME = Tiply;
				SWIFT_VERSION = 5.0;
				TARGETED_DEVICE_FAMILY = "1,2";
			};
			name = Debug;
		};
		07FF526C24D24CD50065502F /* Release */ = {
			isa = XCBuildConfiguration;
			buildSettings = {
				ASSETCATALOG_COMPILER_APPICON_NAME = AppIcon;
				CODE_SIGN_STYLE = Automatic;
				INFOPLIST_FILE = tip2/Info.plist;
				LD_RUNPATH_SEARCH_PATHS = (
					"$(inherited)",
					"@executable_path/Frameworks",
				);
				PRODUCT_BUNDLE_IDENTIFIER = Codepath.tip2;
				PRODUCT_NAME = Tiply;
				SWIFT_VERSION = 5.0;
				TARGETED_DEVICE_FAMILY = "1,2";
			};
			name = Release;
		};
		07FF526E24D24CD50065502F /* Debug */ = {
			isa = XCBuildConfiguration;
			buildSettings = {
				ALWAYS_EMBED_SWIFT_STANDARD_LIBRARIES = YES;
				BUNDLE_LOADER = "$(TEST_HOST)";
				CODE_SIGN_STYLE = Automatic;
				INFOPLIST_FILE = tip2Tests/Info.plist;
				IPHONEOS_DEPLOYMENT_TARGET = 13.6;
				LD_RUNPATH_SEARCH_PATHS = (
					"$(inherited)",
					"@executable_path/Frameworks",
					"@loader_path/Frameworks",
				);
				PRODUCT_BUNDLE_IDENTIFIER = Codepath.tip2Tests;
				PRODUCT_NAME = "$(TARGET_NAME)";
				SWIFT_VERSION = 5.0;
				TARGETED_DEVICE_FAMILY = "1,2";
				TEST_HOST = "$(BUILT_PRODUCTS_DIR)/Tiply.app/Tiply";
			};
			name = Debug;
		};
		07FF526F24D24CD50065502F /* Release */ = {
			isa = XCBuildConfiguration;
			buildSettings = {
				ALWAYS_EMBED_SWIFT_STANDARD_LIBRARIES = YES;
				BUNDLE_LOADER = "$(TEST_HOST)";
				CODE_SIGN_STYLE = Automatic;
				INFOPLIST_FILE = tip2Tests/Info.plist;
				IPHONEOS_DEPLOYMENT_TARGET = 13.6;
				LD_RUNPATH_SEARCH_PATHS = (
					"$(inherited)",
					"@executable_path/Frameworks",
					"@loader_path/Frameworks",
				);
				PRODUCT_BUNDLE_IDENTIFIER = Codepath.tip2Tests;
				PRODUCT_NAME = "$(TARGET_NAME)";
				SWIFT_VERSION = 5.0;
				TARGETED_DEVICE_FAMILY = "1,2";
				TEST_HOST = "$(BUILT_PRODUCTS_DIR)/Tiply.app/Tiply";
			};
			name = Release;
		};
		07FF527124D24CD50065502F /* Debug */ = {
			isa = XCBuildConfiguration;
			buildSettings = {
				ALWAYS_EMBED_SWIFT_STANDARD_LIBRARIES = YES;
				CODE_SIGN_STYLE = Automatic;
				INFOPLIST_FILE = tip2UITests/Info.plist;
				LD_RUNPATH_SEARCH_PATHS = (
					"$(inherited)",
					"@executable_path/Frameworks",
					"@loader_path/Frameworks",
				);
				PRODUCT_BUNDLE_IDENTIFIER = Codepath.tip2UITests;
				PRODUCT_NAME = "$(TARGET_NAME)";
				SWIFT_VERSION = 5.0;
				TARGETED_DEVICE_FAMILY = "1,2";
				TEST_TARGET_NAME = tip2;
			};
			name = Debug;
		};
		07FF527224D24CD50065502F /* Release */ = {
			isa = XCBuildConfiguration;
			buildSettings = {
				ALWAYS_EMBED_SWIFT_STANDARD_LIBRARIES = YES;
				CODE_SIGN_STYLE = Automatic;
				INFOPLIST_FILE = tip2UITests/Info.plist;
				LD_RUNPATH_SEARCH_PATHS = (
					"$(inherited)",
					"@executable_path/Frameworks",
					"@loader_path/Frameworks",
				);
				PRODUCT_BUNDLE_IDENTIFIER = Codepath.tip2UITests;
				PRODUCT_NAME = "$(TARGET_NAME)";
				SWIFT_VERSION = 5.0;
				TARGETED_DEVICE_FAMILY = "1,2";
				TEST_TARGET_NAME = tip2;
			};
			name = Release;
		};
/* End XCBuildConfiguration section */

/* Begin XCConfigurationList section */
		07FF523B24D24CCE0065502F /* Build configuration list for PBXProject "Tiply" */ = {
			isa = XCConfigurationList;
			buildConfigurations = (
				07FF526824D24CD50065502F /* Debug */,
				07FF526924D24CD50065502F /* Release */,
			);
			defaultConfigurationIsVisible = 0;
			defaultConfigurationName = Release;
		};
		07FF526A24D24CD50065502F /* Build configuration list for PBXNativeTarget "Tiply" */ = {
			isa = XCConfigurationList;
			buildConfigurations = (
				07FF526B24D24CD50065502F /* Debug */,
				07FF526C24D24CD50065502F /* Release */,
			);
			defaultConfigurationIsVisible = 0;
			defaultConfigurationName = Release;
		};
		07FF526D24D24CD50065502F /* Build configuration list for PBXNativeTarget "TiplyTests" */ = {
			isa = XCConfigurationList;
			buildConfigurations = (
				07FF526E24D24CD50065502F /* Debug */,
				07FF526F24D24CD50065502F /* Release */,
			);
			defaultConfigurationIsVisible = 0;
			defaultConfigurationName = Release;
		};
		07FF527024D24CD50065502F /* Build configuration list for PBXNativeTarget "TiplyUITests" */ = {
			isa = XCConfigurationList;
			buildConfigurations = (
				07FF527124D24CD50065502F /* Debug */,
				07FF527224D24CD50065502F /* Release */,
			);
			defaultConfigurationIsVisible = 0;
			defaultConfigurationName = Release;
		};
/* End XCConfigurationList section */
	};
	rootObject = 07FF523824D24CCE0065502F /* Project object */;
}
